
Microsoft Visual Studio Solution File, Format Version 12.00
# Visual Studio Version 17
VisualStudioVersion = 17.6.33829.357
MinimumVisualStudioVersion = 10.0.40219.1
Project("{2150E333-8FDC-42A3-9474-1A3956D46DE8}") = "src", "src", "{B93CF8B4-43EE-47CF-86DD-6AB933FF463A}"
EndProject
Project("{2150E333-8FDC-42A3-9474-1A3956D46DE8}") = "tests", "tests", "{F703986E-B21B-4605-942D-2E43B25C91C0}"
EndProject
Project("{9A19103F-16F7-4668-BE54-9A1E7A4F7556}") = "Odin.Baseline.UnitTests", "tests\Odin.Baseline.UnitTests\Odin.Baseline.UnitTests.csproj", "{C2E8CCE5-5C94-49A8-90F9-5A5C4CDBDDEB}"
EndProject
Project("{9A19103F-16F7-4668-BE54-9A1E7A4F7556}") = "Odin.Baseline.Domain", "src\Odin.Baseline.Domain\Odin.Baseline.Domain.csproj", "{4EA11FB2-7BAD-4946-8D85-F202BD675FF0}"
EndProject
Project("{9A19103F-16F7-4668-BE54-9A1E7A4F7556}") = "Odin.Baseline.Application", "src\Odin.Baseline.Application\Odin.Baseline.Application.csproj", "{FDA70DC4-EC16-4ACD-9A4F-6006296B6FBD}"
EndProject
Project("{9A19103F-16F7-4668-BE54-9A1E7A4F7556}") = "Odin.Baseline.Infra.Data.EF", "src\Odin.Baseline.Infra.Data.EF\Odin.Baseline.Infra.Data.EF.csproj", "{077D0CCD-2CA9-49E1-ACE6-BD89872329A1}"
EndProject
Project("{9A19103F-16F7-4668-BE54-9A1E7A4F7556}") = "Odin.Baseline.EndToEndTests", "tests\Odin.Baseline.EndToEndTests\Odin.Baseline.EndToEndTests.csproj", "{09A7B866-7F20-47C5-80E6-09DDEF624104}"
EndProject
Project("{9A19103F-16F7-4668-BE54-9A1E7A4F7556}") = "Odin.Baseline.Api", "src\Odin.Baseline.Api\Odin.Baseline.Api.csproj", "{71CB22AA-DE77-4091-B2CA-AD7061202C3C}"
EndProject
Project("{2150E333-8FDC-42A3-9474-1A3956D46DE8}") = "env", "env", "{9B515AE9-945E-4D5B-86F3-7EA3B750B060}"
	ProjectSection(SolutionItems) = preProject
		docker-compose.yaml = docker-compose.yaml
		Dockerfile = Dockerfile
	EndProjectSection
EndProject
Project("{9A19103F-16F7-4668-BE54-9A1E7A4F7556}") = "Odin.Baseline.Infra.Messaging", "src\Odin.Baseline.Infra.Messaging\Odin.Baseline.Infra.Messaging.csproj", "{1D3CA092-909F-4122-B019-229BD928CB0A}"
EndProject
Global
	GlobalSection(SolutionConfigurationPlatforms) = preSolution
		Debug|Any CPU = Debug|Any CPU
		Release|Any CPU = Release|Any CPU
	EndGlobalSection
	GlobalSection(ProjectConfigurationPlatforms) = postSolution
		{C2E8CCE5-5C94-49A8-90F9-5A5C4CDBDDEB}.Debug|Any CPU.ActiveCfg = Debug|Any CPU
		{C2E8CCE5-5C94-49A8-90F9-5A5C4CDBDDEB}.Debug|Any CPU.Build.0 = Debug|Any CPU
		{C2E8CCE5-5C94-49A8-90F9-5A5C4CDBDDEB}.Release|Any CPU.ActiveCfg = Release|Any CPU
		{C2E8CCE5-5C94-49A8-90F9-5A5C4CDBDDEB}.Release|Any CPU.Build.0 = Release|Any CPU
		{4EA11FB2-7BAD-4946-8D85-F202BD675FF0}.Debug|Any CPU.ActiveCfg = Debug|Any CPU
		{4EA11FB2-7BAD-4946-8D85-F202BD675FF0}.Debug|Any CPU.Build.0 = Debug|Any CPU
		{4EA11FB2-7BAD-4946-8D85-F202BD675FF0}.Release|Any CPU.ActiveCfg = Release|Any CPU
		{4EA11FB2-7BAD-4946-8D85-F202BD675FF0}.Release|Any CPU.Build.0 = Release|Any CPU
		{FDA70DC4-EC16-4ACD-9A4F-6006296B6FBD}.Debug|Any CPU.ActiveCfg = Debug|Any CPU
		{FDA70DC4-EC16-4ACD-9A4F-6006296B6FBD}.Debug|Any CPU.Build.0 = Debug|Any CPU
		{FDA70DC4-EC16-4ACD-9A4F-6006296B6FBD}.Release|Any CPU.ActiveCfg = Release|Any CPU
		{FDA70DC4-EC16-4ACD-9A4F-6006296B6FBD}.Release|Any CPU.Build.0 = Release|Any CPU
		{077D0CCD-2CA9-49E1-ACE6-BD89872329A1}.Debug|Any CPU.ActiveCfg = Debug|Any CPU
		{077D0CCD-2CA9-49E1-ACE6-BD89872329A1}.Debug|Any CPU.Build.0 = Debug|Any CPU
		{077D0CCD-2CA9-49E1-ACE6-BD89872329A1}.Release|Any CPU.ActiveCfg = Release|Any CPU
		{077D0CCD-2CA9-49E1-ACE6-BD89872329A1}.Release|Any CPU.Build.0 = Release|Any CPU
		{09A7B866-7F20-47C5-80E6-09DDEF624104}.Debug|Any CPU.ActiveCfg = Debug|Any CPU
		{09A7B866-7F20-47C5-80E6-09DDEF624104}.Debug|Any CPU.Build.0 = Debug|Any CPU
		{09A7B866-7F20-47C5-80E6-09DDEF624104}.Release|Any CPU.ActiveCfg = Release|Any CPU
		{09A7B866-7F20-47C5-80E6-09DDEF624104}.Release|Any CPU.Build.0 = Release|Any CPU
		{71CB22AA-DE77-4091-B2CA-AD7061202C3C}.Debug|Any CPU.ActiveCfg = Debug|Any CPU
		{71CB22AA-DE77-4091-B2CA-AD7061202C3C}.Debug|Any CPU.Build.0 = Debug|Any CPU
		{71CB22AA-DE77-4091-B2CA-AD7061202C3C}.Release|Any CPU.ActiveCfg = Release|Any CPU
		{71CB22AA-DE77-4091-B2CA-AD7061202C3C}.Release|Any CPU.Build.0 = Release|Any CPU
		{1D3CA092-909F-4122-B019-229BD928CB0A}.Debug|Any CPU.ActiveCfg = Debug|Any CPU
		{1D3CA092-909F-4122-B019-229BD928CB0A}.Debug|Any CPU.Build.0 = Debug|Any CPU
		{1D3CA092-909F-4122-B019-229BD928CB0A}.Release|Any CPU.ActiveCfg = Release|Any CPU
		{1D3CA092-909F-4122-B019-229BD928CB0A}.Release|Any CPU.Build.0 = Release|Any CPU
	EndGlobalSection
	GlobalSection(SolutionProperties) = preSolution
		HideSolutionNode = FALSE
	EndGlobalSection
	GlobalSection(NestedProjects) = preSolution
		{C2E8CCE5-5C94-49A8-90F9-5A5C4CDBDDEB} = {F703986E-B21B-4605-942D-2E43B25C91C0}
		{4EA11FB2-7BAD-4946-8D85-F202BD675FF0} = {B93CF8B4-43EE-47CF-86DD-6AB933FF463A}
		{FDA70DC4-EC16-4ACD-9A4F-6006296B6FBD} = {B93CF8B4-43EE-47CF-86DD-6AB933FF463A}
		{077D0CCD-2CA9-49E1-ACE6-BD89872329A1} = {B93CF8B4-43EE-47CF-86DD-6AB933FF463A}
		{09A7B866-7F20-47C5-80E6-09DDEF624104} = {F703986E-B21B-4605-942D-2E43B25C91C0}
		{71CB22AA-DE77-4091-B2CA-AD7061202C3C} = {B93CF8B4-43EE-47CF-86DD-6AB933FF463A}
		{1D3CA092-909F-4122-B019-229BD928CB0A} = {B93CF8B4-43EE-47CF-86DD-6AB933FF463A}
	EndGlobalSection
	GlobalSection(ExtensibilityGlobals) = postSolution
		SolutionGuid = {9383F47C-6B89-41CA-9D24-74757A4051E6}
	EndGlobalSection
EndGlobal
